<?xml version="1.0" encoding="utf-8"?>
<Project ToolsVersion="4.0" xmlns="http://schemas.microsoft.com/developer/msbuild/2003">
  <ItemGroup>
    <Filter Include="Source Files">
      <UniqueIdentifier>{ad773074-f74b-41f4-9878-07686313e2e0}</UniqueIdentifier>
      <Extensions>cpp;c;cxx;rc;def;r;odl;idl;hpj;bat</Extensions>
    </Filter>
    <Filter Include="Header Files">
      <UniqueIdentifier>{95438700-95c9-438c-b6e3-6d2779ff2799}</UniqueIdentifier>
      <Extensions>h;hpp;hxx;hm;inl</Extensions>
    </Filter>
    <Filter Include="Resource Files">
      <UniqueIdentifier>{c8d00bdc-b7dd-4a87-b13d-eb3fa6668438}</UniqueIdentifier>
      <Extensions>ico;cur;bmp;dlg;rc2;rct;bin;rgs;gif;jpg;jpeg;jpe</Extensions>
    </Filter>
    <Filter Include="Header Files\WndProc">
      <UniqueIdentifier>{98c1c464-3401-4855-b93a-5b6ea81c98ce}</UniqueIdentifier>
    </Filter>
  </ItemGroup>
  <ItemGroup>
    <ClCompile Include="DX_BALL따라하기.CPP">
      <Filter>Source Files</Filter>
    </ClCompile>
  </ItemGroup>
  <ItemGroup>
    <ClInclude Include="BallStruct.h">
      <Filter>Header Files</Filter>
    </ClInclude>
    <ClInclude Include="Definition.h">
      <Filter>Header Files</Filter>
    </ClInclude>
    <ClInclude Include="Dlg.h">
      <Filter>Header Files</Filter>
    </ClInclude>
    <ClInclude Include="Draw.h">
      <Filter>Header Files</Filter>
    </ClInclude>
    <ClInclude Include="InitCS.h">
      <Filter>Header Files</Filter>
    </ClInclude>
    <ClInclude Include="InitializeGame.h">
      <Filter>Header Files</Filter>
    </ClInclude>
    <ClInclude Include="InnerAction.h">
      <Filter>Header Files</Filter>
    </ClInclude>
    <ClInclude Include="ItemAction.h">
      <Filter>Header Files</Filter>
    </ClInclude>
    <ClInclude Include="LinkedList.h">
      <Filter>Header Files</Filter>
    </ClInclude>
    <ClInclude Include="LoadGraphic.h">
      <Filter>Header Files</Filter>
    </ClInclude>
    <ClInclude Include="LoadItem.h">
      <Filter>Header Files</Filter>
    </ClInclude>
    <ClInclude Include="ShootingStruct.h">
      <Filter>Header Files</Filter>
    </ClInclude>
    <ClInclude Include="Sound.h">
      <Filter>Header Files</Filter>
    </ClInclude>
    <ClInclude Include="TransBlt.h">
      <Filter>Header Files</Filter>
    </ClInclude>
    <ClInclude Include="WindowSize.h">
      <Filter>Header Files</Filter>
    </ClInclude>
    <ClInclude Include="DrawBitmapRCPrev.h">
      <Filter>Header Files</Filter>
    </ClInclude>
    <ClInclude Include="DrawBitmapRC.h">
      <Filter>Header Files</Filter>
    </ClInclude>
    <ClInclude Include="DrawBitmap.h">
      <Filter>Header Files</Filter>
    </ClInclude>
    <ClInclude Include="OnSizing.h">
      <Filter>Header Files\WndProc</Filter>
    </ClInclude>
    <ClInclude Include="WndProc.h">
      <Filter>Header Files\WndProc</Filter>
    </ClInclude>
    <ClInclude Include="OnCreate.h">
      <Filter>Header Files\WndProc</Filter>
    </ClInclude>
    <ClInclude Include="OnCommand.h">
      <Filter>Header Files\WndProc</Filter>
    </ClInclude>
  </ItemGroup>
  <ItemGroup>
    <ResourceCompile Include="Script.rc">
      <Filter>Resource Files</Filter>
    </ResourceCompile>
  </ItemGroup>
  <ItemGroup>
    <CustomBuild Include="Bar.bmp">
      <Filter>Resource Files</Filter>
    </CustomBuild>
    <CustomBuild Include="ItemsImage\BigBall(Item).bmp">
      <Filter>Resource Files</Filter>
    </CustomBuild>
    <CustomBuild Include="bomb.bmp">
      <Filter>Resource Files</Filter>
    </CustomBuild>
    <CustomBuild Include="brick1.bmp">
      <Filter>Resource Files</Filter>
    </CustomBuild>
    <CustomBuild Include="brick2.bmp">
      <Filter>Resource Files</Filter>
    </CustomBuild>
    <CustomBuild Include="brick3.bmp">
      <Filter>Resource Files</Filter>
    </CustomBuild>
    <CustomBuild Include="brick4.bmp">
      <Filter>Resource Files</Filter>
    </CustomBuild>
    <CustomBuild Include="ItemsImage\EightBall.bmp">
      <Filter>Resource Files</Filter>
    </CustomBuild>
    <CustomBuild Include="ItemsImage\EmptyItem.bmp">
      <Filter>Resource Files</Filter>
    </CustomBuild>
    <CustomBuild Include="ItemsImage\ExpandPaddle.bmp">
      <Filter>Resource Files</Filter>
    </CustomBuild>
    <CustomBuild Include="ItemsImage\ExtraEnergy.bmp">
      <Filter>Resource Files</Filter>
    </CustomBuild>
    <CustomBuild Include="ItemsImage\ExtraLife.bmp">
      <Filter>Resource Files</Filter>
    </CustomBuild>
    <CustomBuild Include="ItemsImage\FallingBrick.bmp">
      <Filter>Resource Files</Filter>
    </CustomBuild>
    <CustomBuild Include="ItemsImage\FasterBall.bmp">
      <Filter>Resource Files</Filter>
    </CustomBuild>
    <CustomBuild Include="ItemsImage\FireBall(Item).bmp">
      <Filter>Resource Files</Filter>
    </CustomBuild>
    <CustomBuild Include="UnitImage\FireBall.bmp">
      <Filter>Resource Files</Filter>
    </CustomBuild>
    <CustomBuild Include="GameOver.bmp">
      <Filter>Resource Files</Filter>
    </CustomBuild>
    <CustomBuild Include="GamePaused.bmp">
      <Filter>Resource Files</Filter>
    </CustomBuild>
    <CustomBuild Include="Grab.bmp">
      <Filter>Resource Files</Filter>
    </CustomBuild>
    <CustomBuild Include="UnitImage\GrabLaser.bmp">
      <Filter>Resource Files</Filter>
    </CustomBuild>
    <CustomBuild Include="ItemsImage\GrabPaddle(Item).bmp">
      <Filter>Resource Files</Filter>
    </CustomBuild>
    <CustomBuild Include="UnitImage\GrabPaddle.bmp">
      <Filter>Resource Files</Filter>
    </CustomBuild>
    <CustomBuild Include="icon1.ico">
      <Filter>Resource Files</Filter>
    </CustomBuild>
    <CustomBuild Include="UnitImage\Laser.bmp">
      <Filter>Resource Files</Filter>
    </CustomBuild>
    <CustomBuild Include="LeftPipe.bmp">
      <Filter>Resource Files</Filter>
    </CustomBuild>
    <CustomBuild Include="ItemsImage\MiniBall.bmp">
      <Filter>Resource Files</Filter>
    </CustomBuild>
    <CustomBuild Include="UnitImage\PierceBall.bmp">
      <Filter>Resource Files</Filter>
    </CustomBuild>
    <CustomBuild Include="RightPipe.bmp">
      <Filter>Resource Files</Filter>
    </CustomBuild>
    <CustomBuild Include="ItemsImage\ShootingPaddle(Item).bmp">
      <Filter>Resource Files</Filter>
    </CustomBuild>
    <CustomBuild Include="UnitImage\ShootingPaddle.bmp">
      <Filter>Resource Files</Filter>
    </CustomBuild>
    <CustomBuild Include="ItemsImage\ShrinkPaddle.bmp">
      <Filter>Resource Files</Filter>
    </CustomBuild>
    <CustomBuild Include="ItemsImage\SlowerBall.bmp">
      <Filter>Resource Files</Filter>
    </CustomBuild>
    <CustomBuild Include="ItemsImage\SplitBall.bmp">
      <Filter>Resource Files</Filter>
    </CustomBuild>
    <CustomBuild Include="ItemsImage\ThruBrick.bmp">
      <Filter>Resource Files</Filter>
    </CustomBuild>
    <CustomBuild Include="ItemsImage\UppingBrick.bmp">
      <Filter>Resource Files</Filter>
    </CustomBuild>
    <CustomBuild Include="~ic591570.ico">
      <Filter>Resource Files</Filter>
    </CustomBuild>
    <CustomBuild Include="게임시작.bmp">
      <Filter>Resource Files</Filter>
    </CustomBuild>
    <CustomBuild Include="보통공.bmp">
      <Filter>Resource Files</Filter>
    </CustomBuild>
    <CustomBuild Include="아이콘.bmp">
      <Filter>Resource Files</Filter>
    </CustomBuild>
    <CustomBuild Include="Sound\Bang.wav" />
    <CustomBuild Include="Sound\Byeball.wav" />
    <CustomBuild Include="Sound\Danger.wav" />
    <CustomBuild Include="Sound\Expand.wav" />
    <CustomBuild Include="Sound\Grab.wav" />
    <CustomBuild Include="Sound\Gunfire.wav" />
    <CustomBuild Include="Sound\Item.wav" />
    <CustomBuild Include="Sound\LifeUp.wav" />
    <CustomBuild Include="Padexplo.wav" />
    <CustomBuild Include="Sweepdow.wav" />
    <CustomBuild Include="Swordswi.wav" />
    <CustomBuild Include="Sound\Warn.wav" />
    <CustomBuild Include="Wowpulse.wav" />
  </ItemGroup>
</Project>