
Microsoft Visual Studio Solution File, Format Version 11.00
# Visual Studio 2010
Project("{8BC9CEB8-8B4A-11D0-8D11-00A0C91BC942}") = "DX_BALL따라하기", "DX_BALL따라하기.vcxproj", "{EF356D1D-B65E-C2D0-A8CE-11C12D9416FD}"
EndProject
Global
	GlobalSection(SolutionConfigurationPlatforms) = preSolution
		Debug|Win32 = Debug|Win32
		Release|Win32 = Release|Win32
	EndGlobalSection
	GlobalSection(ProjectConfigurationPlatforms) = postSolution
		{EF356D1D-B65E-C2D0-A8CE-11C12D9416FD}.Debug|Win32.ActiveCfg = Debug|Win32
		{EF356D1D-B65E-C2D0-A8CE-11C12D9416FD}.Debug|Win32.Build.0 = Debug|Win32
		{EF356D1D-B65E-C2D0-A8CE-11C12D9416FD}.Release|Win32.ActiveCfg = Release|Win32
		{EF356D1D-B65E-C2D0-A8CE-11C12D9416FD}.Release|Win32.Build.0 = Release|Win32
	EndGlobalSection
	GlobalSection(SolutionProperties) = preSolution
		HideSolutionNode = FALSE
	EndGlobalSection
EndGlobal
