<?xml version="1.0" encoding="utf-8"?>
<Project ToolsVersion="4.0" xmlns="http://schemas.microsoft.com/developer/msbuild/2003">
  <ItemGroup>
    <Filter Include="Source Files">
      <UniqueIdentifier>{4FC737F1-C7A5-4376-A066-2A32D752A2FF}</UniqueIdentifier>
      <Extensions>cpp;c;cc;cxx;def;odl;idl;hpj;bat;asm;asmx</Extensions>
    </Filter>
    <Filter Include="Header Files">
      <UniqueIdentifier>{93995380-89BD-4b04-88EB-625FBE52EBFB}</UniqueIdentifier>
      <Extensions>h;hh;hpp;hxx;hm;inl;inc;xsd</Extensions>
    </Filter>
    <Filter Include="Resource Files">
      <UniqueIdentifier>{67DA6AB6-F800-4c08-8B7A-83BB121AAD01}</UniqueIdentifier>
      <Extensions>rc;ico;cur;bmp;dlg;rc2;rct;bin;rgs;gif;jpg;jpeg;jpe;resx;tiff;tif;png;wav;mfcribbon-ms</Extensions>
    </Filter>
  </ItemGroup>
  <ItemGroup>
    <Text Include="ReadMe.txt" />
  </ItemGroup>
  <ItemGroup>
    <ClInclude Include="stdafx.h">
      <Filter>Header Files</Filter>
    </ClInclude>
    <ClInclude Include="targetver.h">
      <Filter>Header Files</Filter>
    </ClInclude>
    <ClInclude Include="Resource.h">
      <Filter>Header Files</Filter>
    </ClInclude>
    <ClInclude Include="런닝머신 운동기록 입력기 - 블루투스 이용.h">
      <Filter>Header Files</Filter>
    </ClInclude>
    <ClInclude Include="ShowContents\IDs.h">
      <Filter>Header Files</Filter>
    </ClInclude>
    <ClInclude Include="ShowContents\Show_Detail_Input.h">
      <Filter>Header Files</Filter>
    </ClInclude>
    <ClInclude Include="ShowContents\ShowContents.h">
      <Filter>Header Files</Filter>
    </ClInclude>
    <ClInclude Include="ShowContents\ShowDateInput.h">
      <Filter>Header Files</Filter>
    </ClInclude>
    <ClInclude Include="ShowContents\ShowTimeInput.h">
      <Filter>Header Files</Filter>
    </ClInclude>
    <ClInclude Include="ShowContents\stdafx.h">
      <Filter>Header Files</Filter>
    </ClInclude>
    <ClInclude Include="ShowContents\XYWH.h">
      <Filter>Header Files</Filter>
    </ClInclude>
    <ClInclude Include="SendData\stdafx.h">
      <Filter>Header Files</Filter>
    </ClInclude>
    <ClInclude Include="ShowContents\Handles.h">
      <Filter>Header Files</Filter>
    </ClInclude>
    <ClInclude Include="SendData\SendData.h">
      <Filter>Header Files</Filter>
    </ClInclude>
    <ClInclude Include="SendData\ReadyInformation.h">
      <Filter>Header Files</Filter>
    </ClInclude>
    <ClInclude Include="SendData\ServerHeader.h">
      <Filter>Header Files</Filter>
    </ClInclude>
  </ItemGroup>
  <ItemGroup>
    <ClCompile Include="stdafx.cpp">
      <Filter>Source Files</Filter>
    </ClCompile>
    <ClCompile Include="런닝머신 운동기록 입력기 - 블루투스 이용.cpp">
      <Filter>Source Files</Filter>
    </ClCompile>
    <ClCompile Include="ShowContents\Show_Detail_Input.cpp">
      <Filter>Source Files</Filter>
    </ClCompile>
    <ClCompile Include="ShowContents\ShowAllContents.cpp">
      <Filter>Source Files</Filter>
    </ClCompile>
    <ClCompile Include="ShowContents\ShowContents.cpp">
      <Filter>Source Files</Filter>
    </ClCompile>
    <ClCompile Include="ShowContents\ShowDateInput.cpp">
      <Filter>Source Files</Filter>
    </ClCompile>
    <ClCompile Include="ShowContents\ShowTimeInput.cpp">
      <Filter>Source Files</Filter>
    </ClCompile>
    <ClCompile Include="SendData\SendData.cpp">
      <Filter>Source Files</Filter>
    </ClCompile>
    <ClCompile Include="ShowContents\Handles.cpp">
      <Filter>Source Files</Filter>
    </ClCompile>
    <ClCompile Include="SendData\fix_digit.cpp">
      <Filter>Source Files</Filter>
    </ClCompile>
    <ClCompile Include="SendData\BluetoothServer.cpp">
      <Filter>Source Files</Filter>
    </ClCompile>
    <ClCompile Include="SendData\ready_to_accept.cpp">
      <Filter>Source Files</Filter>
    </ClCompile>
  </ItemGroup>
  <ItemGroup>
    <ResourceCompile Include="런닝머신 운동기록 입력기 - 블루투스 이용.rc">
      <Filter>Resource Files</Filter>
    </ResourceCompile>
  </ItemGroup>
  <ItemGroup>
    <Image Include="small.ico">
      <Filter>Resource Files</Filter>
    </Image>
    <Image Include="런닝머신 운동기록 입력기 - 블루투스 이용.ico">
      <Filter>Resource Files</Filter>
    </Image>
  </ItemGroup>
</Project>